// !$*UTF8*$!
{
	archiveVersion = 1;
	classes = {
	};
	objectVersion = 46;
	objects = {

/* Begin PBXBuildFile section */
		84AA63361E637927009BBFC8 /* main.m in Sources */ = {isa = PBXBuildFile; fileRef = 84AA63351E637927009BBFC8 /* main.m */; };
		84AA63391E637927009BBFC8 /* AppDelegate.m in Sources */ = {isa = PBXBuildFile; fileRef = 84AA63381E637927009BBFC8 /* AppDelegate.m */; };
		84AA633C1E637927009BBFC8 /* ViewController.m in Sources */ = {isa = PBXBuildFile; fileRef = 84AA633B1E637927009BBFC8 /* ViewController.m */; };
		84AA633F1E637927009BBFC8 /* Main.storyboard in Resources */ = {isa = PBXBuildFile; fileRef = 84AA633D1E637927009BBFC8 /* Main.storyboard */; };
		84AA63421E637927009BBFC8 /* centro_de_comunicaciones.xcdatamodeld in Sources */ = {isa = PBXBuildFile; fileRef = 84AA63401E637927009BBFC8 /* centro_de_comunicaciones.xcdatamodeld */; };
		84AA63441E637927009BBFC8 /* Assets.xcassets in Resources */ = {isa = PBXBuildFile; fileRef = 84AA63431E637927009BBFC8 /* Assets.xcassets */; };
		84AA63471E637927009BBFC8 /* LaunchScreen.storyboard in Resources */ = {isa = PBXBuildFile; fileRef = 84AA63451E637927009BBFC8 /* LaunchScreen.storyboard */; };
		84AA63521E637927009BBFC8 /* centro_de_comunicacionesTests.m in Sources */ = {isa = PBXBuildFile; fileRef = 84AA63511E637927009BBFC8 /* centro_de_comunicacionesTests.m */; };
		84AA635D1E637927009BBFC8 /* centro_de_comunicacionesUITests.m in Sources */ = {isa = PBXBuildFile; fileRef = 84AA635C1E637927009BBFC8 /* centro_de_comunicacionesUITests.m */; };
/* End PBXBuildFile section */

/* Begin PBXContainerItemProxy section */
		84AA634E1E637927009BBFC8 /* PBXContainerItemProxy */ = {
			isa = PBXContainerItemProxy;
			containerPortal = 84AA63291E637926009BBFC8 /* Project object */;
			proxyType = 1;
			remoteGlobalIDString = 84AA63301E637926009BBFC8;
			remoteInfo = "centro de comunicaciones";
		};
		84AA63591E637927009BBFC8 /* PBXContainerItemProxy */ = {
			isa = PBXContainerItemProxy;
			containerPortal = 84AA63291E637926009BBFC8 /* Project object */;
			proxyType = 1;
			remoteGlobalIDString = 84AA63301E637926009BBFC8;
			remoteInfo = "centro de comunicaciones";
		};
/* End PBXContainerItemProxy section */

/* Begin PBXFileReference section */
		84AA63311E637927009BBFC8 /* centro de comunicaciones.app */ = {isa = PBXFileReference; explicitFileType = wrapper.application; includeInIndex = 0; path = "centro de comunicaciones.app"; sourceTree = BUILT_PRODUCTS_DIR; };
		84AA63351E637927009BBFC8 /* main.m */ = {isa = PBXFileReference; lastKnownFileType = sourcecode.c.objc; path = main.m; sourceTree = "<group>"; };
		84AA63371E637927009BBFC8 /* AppDelegate.h */ = {isa = PBXFileReference; lastKnownFileType = sourcecode.c.h; path = AppDelegate.h; sourceTree = "<group>"; };
		84AA63381E637927009BBFC8 /* AppDelegate.m */ = {isa = PBXFileReference; lastKnownFileType = sourcecode.c.objc; path = AppDelegate.m; sourceTree = "<group>"; };
		84AA633A1E637927009BBFC8 /* ViewController.h */ = {isa = PBXFileReference; lastKnownFileType = sourcecode.c.h; path = ViewController.h; sourceTree = "<group>"; };
		84AA633B1E637927009BBFC8 /* ViewController.m */ = {isa = PBXFileReference; lastKnownFileType = sourcecode.c.objc; path = ViewController.m; sourceTree = "<group>"; };
		84AA633E1E637927009BBFC8 /* Base */ = {isa = PBXFileReference; lastKnownFileType = file.storyboard; name = Base; path = Base.lproj/Main.storyboard; sourceTree = "<group>"; };
		84AA63411E637927009BBFC8 /* centro_de_comunicaciones.xcdatamodel */ = {isa = PBXFileReference; lastKnownFileType = wrapper.xcdatamodel; path = centro_de_comunicaciones.xcdatamodel; sourceTree = "<group>"; };
		84AA63431E637927009BBFC8 /* Assets.xcassets */ = {isa = PBXFileReference; lastKnownFileType = folder.assetcatalog; path = Assets.xcassets; sourceTree = "<group>"; };
		84AA63461E637927009BBFC8 /* Base */ = {isa = PBXFileReference; lastKnownFileType = file.storyboard; name = Base; path = Base.lproj/LaunchScreen.storyboard; sourceTree = "<group>"; };
		84AA63481E637927009BBFC8 /* Info.plist */ = {isa = PBXFileReference; lastKnownFileType = text.plist.xml; path = Info.plist; sourceTree = "<group>"; };
		84AA634D1E637927009BBFC8 /* centro de comunicacionesTests.xctest */ = {isa = PBXFileReference; explicitFileType = wrapper.cfbundle; includeInIndex = 0; path = "centro de comunicacionesTests.xctest"; sourceTree = BUILT_PRODUCTS_DIR; };
		84AA63511E637927009BBFC8 /* centro_de_comunicacionesTests.m */ = {isa = PBXFileReference; lastKnownFileType = sourcecode.c.objc; path = centro_de_comunicacionesTests.m; sourceTree = "<group>"; };
		84AA63531E637927009BBFC8 /* Info.plist */ = {isa = PBXFileReference; lastKnownFileType = text.plist.xml; path = Info.plist; sourceTree = "<group>"; };
		84AA63581E637927009BBFC8 /* centro de comunicacionesUITests.xctest */ = {isa = PBXFileReference; explicitFileType = wrapper.cfbundle; includeInIndex = 0; path = "centro de comunicacionesUITests.xctest"; sourceTree = BUILT_PRODUCTS_DIR; };
		84AA635C1E637927009BBFC8 /* centro_de_comunicacionesUITests.m */ = {isa = PBXFileReference; lastKnownFileType = sourcecode.c.objc; path = centro_de_comunicacionesUITests.m; sourceTree = "<group>"; };
		84AA635E1E637927009BBFC8 /* Info.plist */ = {isa = PBXFileReference; lastKnownFileType = text.plist.xml; path = Info.plist; sourceTree = "<group>"; };
/* End PBXFileReference section */

/* Begin PBXFrameworksBuildPhase section */
		84AA632E1E637926009BBFC8 /* Frameworks */ = {
			isa = PBXFrameworksBuildPhase;
			buildActionMask = 2147483647;
			files = (
			);
			runOnlyForDeploymentPostprocessing = 0;
		};
		84AA634A1E637927009BBFC8 /* Frameworks */ = {
			isa = PBXFrameworksBuildPhase;
			buildActionMask = 2147483647;
			files = (
			);
			runOnlyForDeploymentPostprocessing = 0;
		};
		84AA63551E637927009BBFC8 /* Frameworks */ = {
			isa = PBXFrameworksBuildPhase;
			buildActionMask = 2147483647;
			files = (
			);
			runOnlyForDeploymentPostprocessing = 0;
		};
/* End PBXFrameworksBuildPhase section */

/* Begin PBXGroup section */
		84AA63281E637926009BBFC8 = {
			isa = PBXGroup;
			children = (
				84AA63331E637927009BBFC8 /* centro de comunicaciones */,
				84AA63501E637927009BBFC8 /* centro de comunicacionesTests */,
				84AA635B1E637927009BBFC8 /* centro de comunicacionesUITests */,
				84AA63321E637927009BBFC8 /* Products */,
			);
			sourceTree = "<group>";
		};
		84AA63321E637927009BBFC8 /* Products */ = {
			isa = PBXGroup;
			children = (
				84AA63311E637927009BBFC8 /* centro de comunicaciones.app */,
				84AA634D1E637927009BBFC8 /* centro de comunicacionesTests.xctest */,
				84AA63581E637927009BBFC8 /* centro de comunicacionesUITests.xctest */,
			);
			name = Products;
			sourceTree = "<group>";
		};
		84AA63331E637927009BBFC8 /* centro de comunicaciones */ = {
			isa = PBXGroup;
			children = (
				84AA63371E637927009BBFC8 /* AppDelegate.h */,
				84AA63381E637927009BBFC8 /* AppDelegate.m */,
				84AA633A1E637927009BBFC8 /* ViewController.h */,
				84AA633B1E637927009BBFC8 /* ViewController.m */,
				84AA633D1E637927009BBFC8 /* Main.storyboard */,
				84AA63431E637927009BBFC8 /* Assets.xcassets */,
				84AA63451E637927009BBFC8 /* LaunchScreen.storyboard */,
				84AA63481E637927009BBFC8 /* Info.plist */,
				84AA63401E637927009BBFC8 /* centro_de_comunicaciones.xcdatamodeld */,
				84AA63341E637927009BBFC8 /* Supporting Files */,
			);
			path = "centro de comunicaciones";
			sourceTree = "<group>";
		};
		84AA63341E637927009BBFC8 /* Supporting Files */ = {
			isa = PBXGroup;
			children = (
				84AA63351E637927009BBFC8 /* main.m */,
			);
			name = "Supporting Files";
			sourceTree = "<group>";
		};
		84AA63501E637927009BBFC8 /* centro de comunicacionesTests */ = {
			isa = PBXGroup;
			children = (
				84AA63511E637927009BBFC8 /* centro_de_comunicacionesTests.m */,
				84AA63531E637927009BBFC8 /* Info.plist */,
			);
			path = "centro de comunicacionesTests";
			sourceTree = "<group>";
		};
		84AA635B1E637927009BBFC8 /* centro de comunicacionesUITests */ = {
			isa = PBXGroup;
			children = (
				84AA635C1E637927009BBFC8 /* centro_de_comunicacionesUITests.m */,
				84AA635E1E637927009BBFC8 /* Info.plist */,
			);
			path = "centro de comunicacionesUITests";
			sourceTree = "<group>";
		};
/* End PBXGroup section */

/* Begin PBXNativeTarget section */
		84AA63301E637926009BBFC8 /* centro de comunicaciones */ = {
			isa = PBXNativeTarget;
			buildConfigurationList = 84AA63611E637927009BBFC8 /* Build configuration list for PBXNativeTarget "centro de comunicaciones" */;
			buildPhases = (
				84AA632D1E637926009BBFC8 /* Sources */,
				84AA632E1E637926009BBFC8 /* Frameworks */,
				84AA632F1E637926009BBFC8 /* Resources */,
			);
			buildRules = (
			);
			dependencies = (
			);
			name = "centro de comunicaciones";
			productName = "centro de comunicaciones";
			productReference = 84AA63311E637927009BBFC8 /* centro de comunicaciones.app */;
			productType = "com.apple.product-type.application";
		};
		84AA634C1E637927009BBFC8 /* centro de comunicacionesTests */ = {
			isa = PBXNativeTarget;
			buildConfigurationList = 84AA63641E637927009BBFC8 /* Build configuration list for PBXNativeTarget "centro de comunicacionesTests" */;
			buildPhases = (
				84AA63491E637927009BBFC8 /* Sources */,
				84AA634A1E637927009BBFC8 /* Frameworks */,
				84AA634B1E637927009BBFC8 /* Resources */,
			);
			buildRules = (
			);
			dependencies = (
				84AA634F1E637927009BBFC8 /* PBXTargetDependency */,
			);
			name = "centro de comunicacionesTests";
			productName = "centro de comunicacionesTests";
			productReference = 84AA634D1E637927009BBFC8 /* centro de comunicacionesTests.xctest */;
			productType = "com.apple.product-type.bundle.unit-test";
		};
		84AA63571E637927009BBFC8 /* centro de comunicacionesUITests */ = {
			isa = PBXNativeTarget;
			buildConfigurationList = 84AA63671E637927009BBFC8 /* Build configuration list for PBXNativeTarget "centro de comunicacionesUITests" */;
			buildPhases = (
				84AA63541E637927009BBFC8 /* Sources */,
				84AA63551E637927009BBFC8 /* Frameworks */,
				84AA63561E637927009BBFC8 /* Resources */,
			);
			buildRules = (
			);
			dependencies = (
				84AA635A1E637927009BBFC8 /* PBXTargetDependency */,
			);
			name = "centro de comunicacionesUITests";
			productName = "centro de comunicacionesUITests";
			productReference = 84AA63581E637927009BBFC8 /* centro de comunicacionesUITests.xctest */;
			productType = "com.apple.product-type.bundle.ui-testing";
		};
/* End PBXNativeTarget section */

/* Begin PBXProject section */
		84AA63291E637926009BBFC8 /* Project object */ = {
			isa = PBXProject;
			attributes = {
				LastUpgradeCheck = 0820;
				ORGANIZATIONNAME = "Darwin Morales";
				TargetAttributes = {
					84AA63301E637926009BBFC8 = {
						CreatedOnToolsVersion = 8.2.1;
						DevelopmentTeam = 4697AEWSD4;
						ProvisioningStyle = Automatic;
					};
					84AA634C1E637927009BBFC8 = {
						CreatedOnToolsVersion = 8.2.1;
						DevelopmentTeam = 4697AEWSD4;
						ProvisioningStyle = Automatic;
						TestTargetID = 84AA63301E637926009BBFC8;
					};
					84AA63571E637927009BBFC8 = {
						CreatedOnToolsVersion = 8.2.1;
						DevelopmentTeam = 4697AEWSD4;
						ProvisioningStyle = Automatic;
						TestTargetID = 84AA63301E637926009BBFC8;
					};
				};
			};
			buildConfigurationList = 84AA632C1E637926009BBFC8 /* Build configuration list for PBXProject "centro de comunicaciones" */;
			compatibilityVersion = "Xcode 3.2";
			developmentRegion = English;
			hasScannedForEncodings = 0;
			knownRegions = (
				en,
				Base,
			);
			mainGroup = 84AA63281E637926009BBFC8;
			productRefGroup = 84AA63321E637927009BBFC8 /* Products */;
			projectDirPath = "";
			projectRoot = "";
			targets = (
				84AA63301E637926009BBFC8 /* centro de comunicaciones */,
				84AA634C1E637927009BBFC8 /* centro de comunicacionesTests */,
				84AA63571E637927009BBFC8 /* centro de comunicacionesUITests */,
			);
		};
/* End PBXProject section */

/* Begin PBXResourcesBuildPhase section */
		84AA632F1E637926009BBFC8 /* Resources */ = {
			isa = PBXResourcesBuildPhase;
			buildActionMask = 2147483647;
			files = (
				84AA63471E637927009BBFC8 /* LaunchScreen.storyboard in Resources */,
				84AA63441E637927009BBFC8 /* Assets.xcassets in Resources */,
				84AA633F1E637927009BBFC8 /* Main.storyboard in Resources */,
			);
			runOnlyForDeploymentPostprocessing = 0;
		};
		84AA634B1E637927009BBFC8 /* Resources */ = {
			isa = PBXResourcesBuildPhase;
			buildActionMask = 2147483647;
			files = (
			);
			runOnlyForDeploymentPostprocessing = 0;
		};
		84AA63561E637927009BBFC8 /* Resources */ = {
			isa = PBXResourcesBuildPhase;
			buildActionMask = 2147483647;
			files = (
			);
			runOnlyForDeploymentPostprocessing = 0;
		};
/* End PBXResourcesBuildPhase section */

/* Begin PBXSourcesBuildPhase section */
		84AA632D1E637926009BBFC8 /* Sources */ = {
			isa = PBXSourcesBuildPhase;
			buildActionMask = 2147483647;
			files = (
				84AA633C1E637927009BBFC8 /* ViewController.m in Sources */,
				84AA63391E637927009BBFC8 /* AppDelegate.m in Sources */,
				84AA63361E637927009BBFC8 /* main.m in Sources */,
				84AA63421E637927009BBFC8 /* centro_de_comunicaciones.xcdatamodeld in Sources */,
			);
			runOnlyForDeploymentPostprocessing = 0;
		};
		84AA63491E637927009BBFC8 /* Sources */ = {
			isa = PBXSourcesBuildPhase;
			buildActionMask = 2147483647;
			files = (
				84AA63521E637927009BBFC8 /* centro_de_comunicacionesTests.m in Sources */,
			);
			runOnlyForDeploymentPostprocessing = 0;
		};
		84AA63541E637927009BBFC8 /* Sources */ = {
			isa = PBXSourcesBuildPhase;
			buildActionMask = 2147483647;
			files = (
				84AA635D1E637927009BBFC8 /* centro_de_comunicacionesUITests.m in Sources */,
			);
			runOnlyForDeploymentPostprocessing = 0;
		};
/* End PBXSourcesBuildPhase section */

/* Begin PBXTargetDependency section */
		84AA634F1E637927009BBFC8 /* PBXTargetDependency */ = {
			isa = PBXTargetDependency;
			target = 84AA63301E637926009BBFC8 /* centro de comunicaciones */;
			targetProxy = 84AA634E1E637927009BBFC8 /* PBXContainerItemProxy */;
		};
		84AA635A1E637927009BBFC8 /* PBXTargetDependency */ = {
			isa = PBXTargetDependency;
			target = 84AA63301E637926009BBFC8 /* centro de comunicaciones */;
			targetProxy = 84AA63591E637927009BBFC8 /* PBXContainerItemProxy */;
		};
/* End PBXTargetDependency section */

/* Begin PBXVariantGroup section */
		84AA633D1E637927009BBFC8 /* Main.storyboard */ = {
			isa = PBXVariantGroup;
			children = (
				84AA633E1E637927009BBFC8 /* Base */,
			);
			name = Main.storyboard;
			sourceTree = "<group>";
		};
		84AA63451E637927009BBFC8 /* LaunchScreen.storyboard */ = {
			isa = PBXVariantGroup;
			children = (
				84AA63461E637927009BBFC8 /* Base */,
			);
			name = LaunchScreen.storyboard;
			sourceTree = "<group>";
		};
/* End PBXVariantGroup section */

/* Begin XCBuildConfiguration section */
		84AA635F1E637927009BBFC8 /* Debug */ = {
			isa = XCBuildConfiguration;
			buildSettings = {
				ALWAYS_SEARCH_USER_PATHS = NO;
				CLANG_ANALYZER_NONNULL = YES;
				CLANG_CXX_LANGUAGE_STANDARD = "gnu++0x";
				CLANG_CXX_LIBRARY = "libc++";
				CLANG_ENABLE_MODULES = YES;
				CLANG_ENABLE_OBJC_ARC = YES;
				CLANG_WARN_BOOL_CONVERSION = YES;
				CLANG_WARN_CONSTANT_CONVERSION = YES;
				CLANG_WARN_DIRECT_OBJC_ISA_USAGE = YES_ERROR;
				CLANG_WARN_DOCUMENTATION_COMMENTS = YES;
				CLANG_WARN_EMPTY_BODY = YES;
				CLANG_WARN_ENUM_CONVERSION = YES;
				CLANG_WARN_INFINITE_RECURSION = YES;
				CLANG_WARN_INT_CONVERSION = YES;
				CLANG_WARN_OBJC_ROOT_CLASS = YES_ERROR;
				CLANG_WARN_SUSPICIOUS_MOVE = YES;
				CLANG_WARN_UNREACHABLE_CODE = YES;
				CLANG_WARN__DUPLICATE_METHOD_MATCH = YES;
				"CODE_SIGN_IDENTITY[sdk=iphoneos*]" = "iPhone Developer";
				COPY_PHASE_STRIP = NO;
				DEBUG_INFORMATION_FORMAT = dwarf;
				ENABLE_STRICT_OBJC_MSGSEND = YES;
				ENABLE_TESTABILITY = YES;
				GCC_C_LANGUAGE_STANDARD = gnu99;
				GCC_DYNAMIC_NO_PIC = NO;
				GCC_NO_COMMON_BLOCKS = YES;
				GCC_OPTIMIZATION_LEVEL = 0;
				GCC_PREPROCESSOR_DEFINITIONS = (
					"DEBUG=1",
					"$(inherited)",
				);
				GCC_WARN_64_TO_32_BIT_CONVERSION = YES;
				GCC_WARN_ABOUT_RETURN_TYPE = YES_ERROR;
				GCC_WARN_UNDECLARED_SELECTOR = YES;
				GCC_WARN_UNINITIALIZED_AUTOS = YES_AGGRESSIVE;
				GCC_WARN_UNUSED_FUNCTION = YES;
				GCC_WARN_UNUSED_VARIABLE = YES;
				IPHONEOS_DEPLOYMENT_TARGET = 10.2;
				MTL_ENABLE_DEBUG_INFO = YES;
				ONLY_ACTIVE_ARCH = YES;
				SDKROOT = iphoneos;
				TARGETED_DEVICE_FAMILY = "1,2";
			};
			name = Debug;
		};
		84AA63601E637927009BBFC8 /* Release */ = {
			isa = XCBuildConfiguration;
			buildSettings = {
				ALWAYS_SEARCH_USER_PATHS = NO;
				CLANG_ANALYZER_NONNULL = YES;
				CLANG_CXX_LANGUAGE_STANDARD = "gnu++0x";
				CLANG_CXX_LIBRARY = "libc++";
				CLANG_ENABLE_MODULES = YES;
				CLANG_ENABLE_OBJC_ARC = YES;
				CLANG_WARN_BOOL_CONVERSION = YES;
				CLANG_WARN_CONSTANT_CONVERSION = YES;
				CLANG_WARN_DIRECT_OBJC_ISA_USAGE = YES_ERROR;
				CLANG_WARN_DOCUMENTATION_COMMENTS = YES;
				CLANG_WARN_EMPTY_BODY = YES;
				CLANG_WARN_ENUM_CONVERSION = YES;
				CLANG_WARN_INFINITE_RECURSION = YES;
				CLANG_WARN_INT_CONVERSION = YES;
				CLANG_WARN_OBJC_ROOT_CLASS = YES_ERROR;
				CLANG_WARN_SUSPICIOUS_MOVE = YES;
				CLANG_WARN_UNREACHABLE_CODE = YES;
				CLANG_WARN__DUPLICATE_METHOD_MATCH = YES;
				"CODE_SIGN_IDENTITY[sdk=iphoneos*]" = "iPhone Developer";
				COPY_PHASE_STRIP = NO;
				DEBUG_INFORMATION_FORMAT = "dwarf-with-dsym";
				ENABLE_NS_ASSERTIONS = NO;
				ENABLE_STRICT_OBJC_MSGSEND = YES;
				GCC_C_LANGUAGE_STANDARD = gnu99;
				GCC_NO_COMMON_BLOCKS = YES;
				GCC_WARN_64_TO_32_BIT_CONVERSION = YES;
				GCC_WARN_ABOUT_RETURN_TYPE = YES_ERROR;
				GCC_WARN_UNDECLARED_SELECTOR = YES;
				GCC_WARN_UNINITIALIZED_AUTOS = YES_AGGRESSIVE;
				GCC_WARN_UNUSED_FUNCTION = YES;
				GCC_WARN_UNUSED_VARIABLE = YES;
				IPHONEOS_DEPLOYMENT_TARGET = 10.2;
				MTL_ENABLE_DEBUG_INFO = NO;
				SDKROOT = iphoneos;
				TARGETED_DEVICE_FAMILY = "1,2";
				VALIDATE_PRODUCT = YES;
			};
			name = Release;
		};
		84AA63621E637927009BBFC8 /* Debug */ = {
			isa = XCBuildConfiguration;
			buildSettings = {
				ASSETCATALOG_COMPILER_APPICON_NAME = AppIcon;
				DEVELOPMENT_TEAM = 4697AEWSD4;
				INFOPLIST_FILE = "centro de comunicaciones/Info.plist";
				LD_RUNPATH_SEARCH_PATHS = "$(inherited) @executable_path/Frameworks";
				PRODUCT_BUNDLE_IDENTIFIER = "com.mvctest.centro-de-comunicaciones";
				PRODUCT_NAME = "$(TARGET_NAME)";
			};
			name = Debug;
		};
		84AA63631E637927009BBFC8 /* Release */ = {
			isa = XCBuildConfiguration;
			buildSettings = {
				ASSETCATALOG_COMPILER_APPICON_NAME = AppIcon;
				DEVELOPMENT_TEAM = 4697AEWSD4;
				INFOPLIST_FILE = "centro de comunicaciones/Info.plist";
				LD_RUNPATH_SEARCH_PATHS = "$(inherited) @executable_path/Frameworks";
				PRODUCT_BUNDLE_IDENTIFIER = "com.mvctest.centro-de-comunicaciones";
				PRODUCT_NAME = "$(TARGET_NAME)";
			};
			name = Release;
		};
		84AA63651E637927009BBFC8 /* Debug */ = {
			isa = XCBuildConfiguration;
			buildSettings = {
				BUNDLE_LOADER = "$(TEST_HOST)";
				DEVELOPMENT_TEAM = 4697AEWSD4;
				INFOPLIST_FILE = "centro de comunicacionesTests/Info.plist";
				LD_RUNPATH_SEARCH_PATHS = "$(inherited) @executable_path/Frameworks @loader_path/Frameworks";
				PRODUCT_BUNDLE_IDENTIFIER = "com.mvctest.centro-de-comunicacionesTests";
				PRODUCT_NAME = "$(TARGET_NAME)";
				TEST_HOST = "$(BUILT_PRODUCTS_DIR)/centro de comunicaciones.app/centro de comunicaciones";
			};
			name = Debug;
		};
		84AA63661E637927009BBFC8 /* Release */ = {
			isa = XCBuildConfiguration;
			buildSettings = {
				BUNDLE_LOADER = "$(TEST_HOST)";
				DEVELOPMENT_TEAM = 4697AEWSD4;
				INFOPLIST_FILE = "centro de comunicacionesTests/Info.plist";
				LD_RUNPATH_SEARCH_PATHS = "$(inherited) @executable_path/Frameworks @loader_path/Frameworks";
				PRODUCT_BUNDLE_IDENTIFIER = "com.mvctest.centro-de-comunicacionesTests";
				PRODUCT_NAME = "$(TARGET_NAME)";
				TEST_HOST = "$(BUILT_PRODUCTS_DIR)/centro de comunicaciones.app/centro de comunicaciones";
			};
			name = Release;
		};
		84AA63681E637927009BBFC8 /* Debug */ = {
			isa = XCBuildConfiguration;
			buildSettings = {
				DEVELOPMENT_TEAM = 4697AEWSD4;
				INFOPLIST_FILE = "centro de comunicacionesUITests/Info.plist";
				LD_RUNPATH_SEARCH_PATHS = "$(inherited) @executable_path/Frameworks @loader_path/Frameworks";
				PRODUCT_BUNDLE_IDENTIFIER = "com.mvctest.centro-de-comunicacionesUITests";
				PRODUCT_NAME = "$(TARGET_NAME)";
				TEST_TARGET_NAME = "centro de comunicaciones";
			};
			name = Debug;
		};
		84AA63691E637927009BBFC8 /* Release */ = {
			isa = XCBuildConfiguration;
			buildSettings = {
				DEVELOPMENT_TEAM = 4697AEWSD4;
				INFOPLIST_FILE = "centro de comunicacionesUITests/Info.plist";
				LD_RUNPATH_SEARCH_PATHS = "$(inherited) @executable_path/Frameworks @loader_path/Frameworks";
				PRODUCT_BUNDLE_IDENTIFIER = "com.mvctest.centro-de-comunicacionesUITests";
				PRODUCT_NAME = "$(TARGET_NAME)";
				TEST_TARGET_NAME = "centro de comunicaciones";
			};
			name = Release;
		};
/* End XCBuildConfiguration section */

/* Begin XCConfigurationList section */
		84AA632C1E637926009BBFC8 /* Build configuration list for PBXProject "centro de comunicaciones" */ = {
			isa = XCConfigurationList;
			buildConfigurations = (
				84AA635F1E637927009BBFC8 /* Debug */,
				84AA63601E637927009BBFC8 /* Release */,
			);
			defaultConfigurationIsVisible = 0;
			defaultConfigurationName = Release;
		};
		84AA63611E637927009BBFC8 /* Build configuration list for PBXNativeTarget "centro de comunicaciones" */ = {
			isa = XCConfigurationList;
			buildConfigurations = (
				84AA63621E637927009BBFC8 /* Debug */,
				84AA63631E637927009BBFC8 /* Release */,
			);
			defaultConfigurationIsVisible = 0;
		};
		84AA63641E637927009BBFC8 /* Build configuration list for PBXNativeTarget "centro de comunicacionesTests" */ = {
			isa = XCConfigurationList;
			buildConfigurations = (
				84AA63651E637927009BBFC8 /* Debug */,
				84AA63661E637927009BBFC8 /* Release */,
			);
			defaultConfigurationIsVisible = 0;
		};
		84AA63671E637927009BBFC8 /* Build configuration list for PBXNativeTarget "centro de comunicacionesUITests" */ = {
			isa = XCConfigurationList;
			buildConfigurations = (
				84AA63681E637927009BBFC8 /* Debug */,
				84AA63691E637927009BBFC8 /* Release */,
			);
			defaultConfigurationIsVisible = 0;
		};
/* End XCConfigurationList section */

/* Begin XCVersionGroup section */
		84AA63401E637927009BBFC8 /* centro_de_comunicaciones.xcdatamodeld */ = {
			isa = XCVersionGroup;
			children = (
				84AA63411E637927009BBFC8 /* centro_de_comunicaciones.xcdatamodel */,
			);
			currentVersion = 84AA63411E637927009BBFC8 /* centro_de_comunicaciones.xcdatamodel */;
			path = centro_de_comunicaciones.xcdatamodeld;
			sourceTree = "<group>";
			versionGroupType = wrapper.xcdatamodel;
		};
/* End XCVersionGroup section */
	};
	rootObject = 84AA63291E637926009BBFC8 /* Project object */;
}
